// !$*UTF8*$!
{
	archiveVersion = 1;
	classes = {
	};
	objectVersion = 55;
	objects = {

/* Begin PBXBuildFile section */
		E7BA1AA7288640CB009F97C9 /* AppDelegate.swift in Sources */ = {isa = PBXBuildFile; fileRef = E7BA1AA6288640CB009F97C9 /* AppDelegate.swift */; };
		E7BA1AA9288640CB009F97C9 /* SceneDelegate.swift in Sources */ = {isa = PBXBuildFile; fileRef = E7BA1AA8288640CB009F97C9 /* SceneDelegate.swift */; };
		E7BA1AAB288640CB009F97C9 /* ViewController.swift in Sources */ = {isa = PBXBuildFile; fileRef = E7BA1AAA288640CB009F97C9 /* ViewController.swift */; };
		E7BA1AAE288640CB009F97C9 /* Main.storyboard in Resources */ = {isa = PBXBuildFile; fileRef = E7BA1AAC288640CB009F97C9 /* Main.storyboard */; };
		E7BA1AB0288640D2009F97C9 /* Assets.xcassets in Resources */ = {isa = PBXBuildFile; fileRef = E7BA1AAF288640D2009F97C9 /* Assets.xcassets */; };
		E7BA1AB3288640D2009F97C9 /* LaunchScreen.storyboard in Resources */ = {isa = PBXBuildFile; fileRef = E7BA1AB1288640D2009F97C9 /* LaunchScreen.storyboard */; };
		E7BA1ABE288640D2009F97C9 /* PreworkTests.swift in Sources */ = {isa = PBXBuildFile; fileRef = E7BA1ABD288640D2009F97C9 /* PreworkTests.swift */; };
		E7BA1AC8288640D2009F97C9 /* PreworkUITests.swift in Sources */ = {isa = PBXBuildFile; fileRef = E7BA1AC7288640D2009F97C9 /* PreworkUITests.swift */; };
		E7BA1ACA288640D2009F97C9 /* PreworkUITestsLaunchTests.swift in Sources */ = {isa = PBXBuildFile; fileRef = E7BA1AC9288640D2009F97C9 /* PreworkUITestsLaunchTests.swift */; };
/* End PBXBuildFile section */

/* Begin PBXContainerItemProxy section */
		E7BA1ABA288640D2009F97C9 /* PBXContainerItemProxy */ = {
			isa = PBXContainerItemProxy;
			containerPortal = E7BA1A9B288640CA009F97C9 /* Project object */;
			proxyType = 1;
			remoteGlobalIDString = E7BA1AA2288640CB009F97C9;
			remoteInfo = Prework;
		};
		E7BA1AC4288640D2009F97C9 /* PBXContainerItemProxy */ = {
			isa = PBXContainerItemProxy;
			containerPortal = E7BA1A9B288640CA009F97C9 /* Project object */;
			proxyType = 1;
			remoteGlobalIDString = E7BA1AA2288640CB009F97C9;
			remoteInfo = Prework;
		};
/* End PBXContainerItemProxy section */

/* Begin PBXFileReference section */
		E7BA1AA3288640CB009F97C9 /* Prework.app */ = {isa = PBXFileReference; explicitFileType = wrapper.application; includeInIndex = 0; path = Prework.app; sourceTree = BUILT_PRODUCTS_DIR; };
		E7BA1AA6288640CB009F97C9 /* AppDelegate.swift */ = {isa = PBXFileReference; lastKnownFileType = sourcecode.swift; path = AppDelegate.swift; sourceTree = "<group>"; };
		E7BA1AA8288640CB009F97C9 /* SceneDelegate.swift */ = {isa = PBXFileReference; lastKnownFileType = sourcecode.swift; path = SceneDelegate.swift; sourceTree = "<group>"; };
		E7BA1AAA288640CB009F97C9 /* ViewController.swift */ = {isa = PBXFileReference; lastKnownFileType = sourcecode.swift; path = ViewController.swift; sourceTree = "<group>"; };
		E7BA1AAD288640CB009F97C9 /* Base */ = {isa = PBXFileReference; lastKnownFileType = file.storyboard; name = Base; path = Base.lproj/Main.storyboard; sourceTree = "<group>"; };
		E7BA1AAF288640D2009F97C9 /* Assets.xcassets */ = {isa = PBXFileReference; lastKnownFileType = folder.assetcatalog; path = Assets.xcassets; sourceTree = "<group>"; };
		E7BA1AB2288640D2009F97C9 /* Base */ = {isa = PBXFileReference; lastKnownFileType = file.storyboard; name = Base; path = Base.lproj/LaunchScreen.storyboard; sourceTree = "<group>"; };
		E7BA1AB4288640D2009F97C9 /* Info.plist */ = {isa = PBXFileReference; lastKnownFileType = text.plist.xml; path = Info.plist; sourceTree = "<group>"; };
		E7BA1AB9288640D2009F97C9 /* PreworkTests.xctest */ = {isa = PBXFileReference; explicitFileType = wrapper.cfbundle; includeInIndex = 0; path = PreworkTests.xctest; sourceTree = BUILT_PRODUCTS_DIR; };
		E7BA1ABD288640D2009F97C9 /* PreworkTests.swift */ = {isa = PBXFileReference; lastKnownFileType = sourcecode.swift; path = PreworkTests.swift; sourceTree = "<group>"; };
		E7BA1AC3288640D2009F97C9 /* PreworkUITests.xctest */ = {isa = PBXFileReference; explicitFileType = wrapper.cfbundle; includeInIndex = 0; path = PreworkUITests.xctest; sourceTree = BUILT_PRODUCTS_DIR; };
		E7BA1AC7288640D2009F97C9 /* PreworkUITests.swift */ = {isa = PBXFileReference; lastKnownFileType = sourcecode.swift; path = PreworkUITests.swift; sourceTree = "<group>"; };
		E7BA1AC9288640D2009F97C9 /* PreworkUITestsLaunchTests.swift */ = {isa = PBXFileReference; lastKnownFileType = sourcecode.swift; path = PreworkUITestsLaunchTests.swift; sourceTree = "<group>"; };
/* End PBXFileReference section */

/* Begin PBXFrameworksBuildPhase section */
		E7BA1AA0288640CB009F97C9 /* Frameworks */ = {
			isa = PBXFrameworksBuildPhase;
			buildActionMask = 2147483647;
			files = (
			);
			runOnlyForDeploymentPostprocessing = 0;
		};
		E7BA1AB6288640D2009F97C9 /* Frameworks */ = {
			isa = PBXFrameworksBuildPhase;
			buildActionMask = 2147483647;
			files = (
			);
			runOnlyForDeploymentPostprocessing = 0;
		};
		E7BA1AC0288640D2009F97C9 /* Frameworks */ = {
			isa = PBXFrameworksBuildPhase;
			buildActionMask = 2147483647;
			files = (
			);
			runOnlyForDeploymentPostprocessing = 0;
		};
/* End PBXFrameworksBuildPhase section */

/* Begin PBXGroup section */
		E7BA1A9A288640CA009F97C9 = {
			isa = PBXGroup;
			children = (
				E7BA1AA5288640CB009F97C9 /* Prework */,
				E7BA1ABC288640D2009F97C9 /* PreworkTests */,
				E7BA1AC6288640D2009F97C9 /* PreworkUITests */,
				E7BA1AA4288640CB009F97C9 /* Products */,
			);
			sourceTree = "<group>";
		};
		E7BA1AA4288640CB009F97C9 /* Products */ = {
			isa = PBXGroup;
			children = (
				E7BA1AA3288640CB009F97C9 /* Prework.app */,
				E7BA1AB9288640D2009F97C9 /* PreworkTests.xctest */,
				E7BA1AC3288640D2009F97C9 /* PreworkUITests.xctest */,
			);
			name = Products;
			sourceTree = "<group>";
		};
		E7BA1AA5288640CB009F97C9 /* Prework */ = {
			isa = PBXGroup;
			children = (
				E7BA1AA6288640CB009F97C9 /* AppDelegate.swift */,
				E7BA1AA8288640CB009F97C9 /* SceneDelegate.swift */,
				E7BA1AAA288640CB009F97C9 /* ViewController.swift */,
				E7BA1AAC288640CB009F97C9 /* Main.storyboard */,
				E7BA1AAF288640D2009F97C9 /* Assets.xcassets */,
				E7BA1AB1288640D2009F97C9 /* LaunchScreen.storyboard */,
				E7BA1AB4288640D2009F97C9 /* Info.plist */,
			);
			path = Prework;
			sourceTree = "<group>";
		};
		E7BA1ABC288640D2009F97C9 /* PreworkTests */ = {
			isa = PBXGroup;
			children = (
				E7BA1ABD288640D2009F97C9 /* PreworkTests.swift */,
			);
			path = PreworkTests;
			sourceTree = "<group>";
		};
		E7BA1AC6288640D2009F97C9 /* PreworkUITests */ = {
			isa = PBXGroup;
			children = (
				E7BA1AC7288640D2009F97C9 /* PreworkUITests.swift */,
				E7BA1AC9288640D2009F97C9 /* PreworkUITestsLaunchTests.swift */,
			);
			path = PreworkUITests;
			sourceTree = "<group>";
		};
/* End PBXGroup section */

/* Begin PBXNativeTarget section */
		E7BA1AA2288640CB009F97C9 /* Prework */ = {
			isa = PBXNativeTarget;
			buildConfigurationList = E7BA1ACD288640D2009F97C9 /* Build configuration list for PBXNativeTarget "Prework" */;
			buildPhases = (
				E7BA1A9F288640CB009F97C9 /* Sources */,
				E7BA1AA0288640CB009F97C9 /* Frameworks */,
				E7BA1AA1288640CB009F97C9 /* Resources */,
			);
			buildRules = (
			);
			dependencies = (
			);
			name = Prework;
			productName = Prework;
			productReference = E7BA1AA3288640CB009F97C9 /* Prework.app */;
			productType = "com.apple.product-type.application";
		};
		E7BA1AB8288640D2009F97C9 /* PreworkTests */ = {
			isa = PBXNativeTarget;
			buildConfigurationList = E7BA1AD0288640D2009F97C9 /* Build configuration list for PBXNativeTarget "PreworkTests" */;
			buildPhases = (
				E7BA1AB5288640D2009F97C9 /* Sources */,
				E7BA1AB6288640D2009F97C9 /* Frameworks */,
				E7BA1AB7288640D2009F97C9 /* Resources */,
			);
			buildRules = (
			);
			dependencies = (
				E7BA1ABB288640D2009F97C9 /* PBXTargetDependency */,
			);
			name = PreworkTests;
			productName = PreworkTests;
			productReference = E7BA1AB9288640D2009F97C9 /* PreworkTests.xctest */;
			productType = "com.apple.product-type.bundle.unit-test";
		};
		E7BA1AC2288640D2009F97C9 /* PreworkUITests */ = {
			isa = PBXNativeTarget;
			buildConfigurationList = E7BA1AD3288640D2009F97C9 /* Build configuration list for PBXNativeTarget "PreworkUITests" */;
			buildPhases = (
				E7BA1ABF288640D2009F97C9 /* Sources */,
				E7BA1AC0288640D2009F97C9 /* Frameworks */,
				E7BA1AC1288640D2009F97C9 /* Resources */,
			);
			buildRules = (
			);
			dependencies = (
				E7BA1AC5288640D2009F97C9 /* PBXTargetDependency */,
			);
			name = PreworkUITests;
			productName = PreworkUITests;
			productReference = E7BA1AC3288640D2009F97C9 /* PreworkUITests.xctest */;
			productType = "com.apple.product-type.bundle.ui-testing";
		};
/* End PBXNativeTarget section */

/* Begin PBXProject section */
		E7BA1A9B288640CA009F97C9 /* Project object */ = {
			isa = PBXProject;
			attributes = {
				BuildIndependentTargetsInParallel = 1;
				LastSwiftUpdateCheck = 1340;
				LastUpgradeCheck = 1340;
				TargetAttributes = {
					E7BA1AA2288640CB009F97C9 = {
						CreatedOnToolsVersion = 13.4.1;
					};
					E7BA1AB8288640D2009F97C9 = {
						CreatedOnToolsVersion = 13.4.1;
						TestTargetID = E7BA1AA2288640CB009F97C9;
					};
					E7BA1AC2288640D2009F97C9 = {
						CreatedOnToolsVersion = 13.4.1;
						TestTargetID = E7BA1AA2288640CB009F97C9;
					};
				};
			};
			buildConfigurationList = E7BA1A9E288640CA009F97C9 /* Build configuration list for PBXProject "Prework" */;
			compatibilityVersion = "Xcode 13.0";
			developmentRegion = en;
			hasScannedForEncodings = 0;
			knownRegions = (
				en,
				Base,
			);
			mainGroup = E7BA1A9A288640CA009F97C9;
			productRefGroup = E7BA1AA4288640CB009F97C9 /* Products */;
			projectDirPath = "";
			projectRoot = "";
			targets = (
				E7BA1AA2288640CB009F97C9 /* Prework */,
				E7BA1AB8288640D2009F97C9 /* PreworkTests */,
				E7BA1AC2288640D2009F97C9 /* PreworkUITests */,
			);
		};
/* End PBXProject section */

/* Begin PBXResourcesBuildPhase section */
		E7BA1AA1288640CB009F97C9 /* Resources */ = {
			isa = PBXResourcesBuildPhase;
			buildActionMask = 2147483647;
			files = (
				E7BA1AB3288640D2009F97C9 /* LaunchScreen.storyboard in Resources */,
				E7BA1AB0288640D2009F97C9 /* Assets.xcassets in Resources */,
				E7BA1AAE288640CB009F97C9 /* Main.storyboard in Resources */,
			);
			runOnlyForDeploymentPostprocessing = 0;
		};
		E7BA1AB7288640D2009F97C9 /* Resources */ = {
			isa = PBXResourcesBuildPhase;
			buildActionMask = 2147483647;
			files = (
			);
			runOnlyForDeploymentPostprocessing = 0;
		};
		E7BA1AC1288640D2009F97C9 /* Resources */ = {
			isa = PBXResourcesBuildPhase;
			buildActionMask = 2147483647;
			files = (
			);
			runOnlyForDeploymentPostprocessing = 0;
		};
/* End PBXResourcesBuildPhase section */

/* Begin PBXSourcesBuildPhase section */
		E7BA1A9F288640CB009F97C9 /* Sources */ = {
			isa = PBXSourcesBuildPhase;
			buildActionMask = 2147483647;
			files = (
				E7BA1AAB288640CB009F97C9 /* ViewController.swift in Sources */,
				E7BA1AA7288640CB009F97C9 /* AppDelegate.swift in Sources */,
				E7BA1AA9288640CB009F97C9 /* SceneDelegate.swift in Sources */,
			);
			runOnlyForDeploymentPostprocessing = 0;
		};
		E7BA1AB5288640D2009F97C9 /* Sources */ = {
			isa = PBXSourcesBuildPhase;
			buildActionMask = 2147483647;
			files = (
				E7BA1ABE288640D2009F97C9 /* PreworkTests.swift in Sources */,
			);
			runOnlyForDeploymentPostprocessing = 0;
		};
		E7BA1ABF288640D2009F97C9 /* Sources */ = {
			isa = PBXSourcesBuildPhase;
			buildActionMask = 2147483647;
			files = (
				E7BA1AC8288640D2009F97C9 /* PreworkUITests.swift in Sources */,
				E7BA1ACA288640D2009F97C9 /* PreworkUITestsLaunchTests.swift in Sources */,
			);
			runOnlyForDeploymentPostprocessing = 0;
		};
/* End PBXSourcesBuildPhase section */

/* Begin PBXTargetDependency section */
		E7BA1ABB288640D2009F97C9 /* PBXTargetDependency */ = {
			isa = PBXTargetDependency;
			target = E7BA1AA2288640CB009F97C9 /* Prework */;
			targetProxy = E7BA1ABA288640D2009F97C9 /* PBXContainerItemProxy */;
		};
		E7BA1AC5288640D2009F97C9 /* PBXTargetDependency */ = {
			isa = PBXTargetDependency;
			target = E7BA1AA2288640CB009F97C9 /* Prework */;
			targetProxy = E7BA1AC4288640D2009F97C9 /* PBXContainerItemProxy */;
		};
/* End PBXTargetDependency section */

/* Begin PBXVariantGroup section */
		E7BA1AAC288640CB009F97C9 /* Main.storyboard */ = {
			isa = PBXVariantGroup;
			children = (
				E7BA1AAD288640CB009F97C9 /* Base */,
			);
			name = Main.storyboard;
			sourceTree = "<group>";
		};
		E7BA1AB1288640D2009F97C9 /* LaunchScreen.storyboard */ = {
			isa = PBXVariantGroup;
			children = (
				E7BA1AB2288640D2009F97C9 /* Base */,
			);
			name = LaunchScreen.storyboard;
			sourceTree = "<group>";
		};
/* End PBXVariantGroup section */

/* Begin XCBuildConfiguration section */
		E7BA1ACB288640D2009F97C9 /* Debug */ = {
			isa = XCBuildConfiguration;
			buildSettings = {
				ALWAYS_SEARCH_USER_PATHS = NO;
				CLANG_ANALYZER_NONNULL = YES;
				CLANG_ANALYZER_NUMBER_OBJECT_CONVERSION = YES_AGGRESSIVE;
				CLANG_CXX_LANGUAGE_STANDARD = "gnu++17";
				CLANG_ENABLE_MODULES = YES;
				CLANG_ENABLE_OBJC_ARC = YES;
				CLANG_ENABLE_OBJC_WEAK = YES;
				CLANG_WARN_BLOCK_CAPTURE_AUTORELEASING = YES;
				CLANG_WARN_BOOL_CONVERSION = YES;
				CLANG_WARN_COMMA = YES;
				CLANG_WARN_CONSTANT_CONVERSION = YES;
				CLANG_WARN_DEPRECATED_OBJC_IMPLEMENTATIONS = YES;
				CLANG_WARN_DIRECT_OBJC_ISA_USAGE = YES_ERROR;
				CLANG_WARN_DOCUMENTATION_COMMENTS = YES;
				CLANG_WARN_EMPTY_BODY = YES;
				CLANG_WARN_ENUM_CONVERSION = YES;
				CLANG_WARN_INFINITE_RECURSION = YES;
				CLANG_WARN_INT_CONVERSION = YES;
				CLANG_WARN_NON_LITERAL_NULL_CONVERSION = YES;
				CLANG_WARN_OBJC_IMPLICIT_RETAIN_SELF = YES;
				CLANG_WARN_OBJC_LITERAL_CONVERSION = YES;
				CLANG_WARN_OBJC_ROOT_CLASS = YES_ERROR;
				CLANG_WARN_QUOTED_INCLUDE_IN_FRAMEWORK_HEADER = YES;
				CLANG_WARN_RANGE_LOOP_ANALYSIS = YES;
				CLANG_WARN_STRICT_PROTOTYPES = YES;
				CLANG_WARN_SUSPICIOUS_MOVE = YES;
				CLANG_WARN_UNGUARDED_AVAILABILITY = YES_AGGRESSIVE;
				CLANG_WARN_UNREACHABLE_CODE = YES;
				CLANG_WARN__DUPLICATE_METHOD_MATCH = YES;
				COPY_PHASE_STRIP = NO;
				DEBUG_INFORMATION_FORMAT = dwarf;
				ENABLE_STRICT_OBJC_MSGSEND = YES;
				ENABLE_TESTABILITY = YES;
				GCC_C_LANGUAGE_STANDARD = gnu11;
				GCC_DYNAMIC_NO_PIC = NO;
				GCC_NO_COMMON_BLOCKS = YES;
				GCC_OPTIMIZATION_LEVEL = 0;
				GCC_PREPROCESSOR_DEFINITIONS = (
					"DEBUG=1",
					"$(inherited)",
				);
				GCC_WARN_64_TO_32_BIT_CONVERSION = YES;
				GCC_WARN_ABOUT_RETURN_TYPE = YES_ERROR;
				GCC_WARN_UNDECLARED_SELECTOR = YES;
				GCC_WARN_UNINITIALIZED_AUTOS = YES_AGGRESSIVE;
				GCC_WARN_UNUSED_FUNCTION = YES;
				GCC_WARN_UNUSED_VARIABLE = YES;
				IPHONEOS_DEPLOYMENT_TARGET = 15.5;
				MTL_ENABLE_DEBUG_INFO = INCLUDE_SOURCE;
				MTL_FAST_MATH = YES;
				ONLY_ACTIVE_ARCH = YES;
				SDKROOT = iphoneos;
				SWIFT_ACTIVE_COMPILATION_CONDITIONS = DEBUG;
				SWIFT_OPTIMIZATION_LEVEL = "-Onone";
			};
			name = Debug;
		};
		E7BA1ACC288640D2009F97C9 /* Release */ = {
			isa = XCBuildConfiguration;
			buildSettings = {
				ALWAYS_SEARCH_USER_PATHS = NO;
				CLANG_ANALYZER_NONNULL = YES;
				CLANG_ANALYZER_NUMBER_OBJECT_CONVERSION = YES_AGGRESSIVE;
				CLANG_CXX_LANGUAGE_STANDARD = "gnu++17";
				CLANG_ENABLE_MODULES = YES;
				CLANG_ENABLE_OBJC_ARC = YES;
				CLANG_ENABLE_OBJC_WEAK = YES;
				CLANG_WARN_BLOCK_CAPTURE_AUTORELEASING = YES;
				CLANG_WARN_BOOL_CONVERSION = YES;
				CLANG_WARN_COMMA = YES;
				CLANG_WARN_CONSTANT_CONVERSION = YES;
				CLANG_WARN_DEPRECATED_OBJC_IMPLEMENTATIONS = YES;
				CLANG_WARN_DIRECT_OBJC_ISA_USAGE = YES_ERROR;
				CLANG_WARN_DOCUMENTATION_COMMENTS = YES;
				CLANG_WARN_EMPTY_BODY = YES;
				CLANG_WARN_ENUM_CONVERSION = YES;
				CLANG_WARN_INFINITE_RECURSION = YES;
				CLANG_WARN_INT_CONVERSION = YES;
				CLANG_WARN_NON_LITERAL_NULL_CONVERSION = YES;
				CLANG_WARN_OBJC_IMPLICIT_RETAIN_SELF = YES;
				CLANG_WARN_OBJC_LITERAL_CONVERSION = YES;
				CLANG_WARN_OBJC_ROOT_CLASS = YES_ERROR;
				CLANG_WARN_QUOTED_INCLUDE_IN_FRAMEWORK_HEADER = YES;
				CLANG_WARN_RANGE_LOOP_ANALYSIS = YES;
				CLANG_WARN_STRICT_PROTOTYPES = YES;
				CLANG_WARN_SUSPICIOUS_MOVE = YES;
				CLANG_WARN_UNGUARDED_AVAILABILITY = YES_AGGRESSIVE;
				CLANG_WARN_UNREACHABLE_CODE = YES;
				CLANG_WARN__DUPLICATE_METHOD_MATCH = YES;
				COPY_PHASE_STRIP = NO;
				DEBUG_INFORMATION_FORMAT = "dwarf-with-dsym";
				ENABLE_NS_ASSERTIONS = NO;
				ENABLE_STRICT_OBJC_MSGSEND = YES;
				GCC_C_LANGUAGE_STANDARD = gnu11;
				GCC_NO_COMMON_BLOCKS = YES;
				GCC_WARN_64_TO_32_BIT_CONVERSION = YES;
				GCC_WARN_ABOUT_RETURN_TYPE = YES_ERROR;
				GCC_WARN_UNDECLARED_SELECTOR = YES;
				GCC_WARN_UNINITIALIZED_AUTOS = YES_AGGRESSIVE;
				GCC_WARN_UNUSED_FUNCTION = YES;
				GCC_WARN_UNUSED_VARIABLE = YES;
				IPHONEOS_DEPLOYMENT_TARGET = 15.5;
				MTL_ENABLE_DEBUG_INFO = NO;
				MTL_FAST_MATH = YES;
				SDKROOT = iphoneos;
				SWIFT_COMPILATION_MODE = wholemodule;
				SWIFT_OPTIMIZATION_LEVEL = "-O";
				VALIDATE_PRODUCT = YES;
			};
			name = Release;
		};
		E7BA1ACE288640D2009F97C9 /* Debug */ = {
			isa = XCBuildConfiguration;
			buildSettings = {
				ASSETCATALOG_COMPILER_APPICON_NAME = AppIcon;
				ASSETCATALOG_COMPILER_GLOBAL_ACCENT_COLOR_NAME = AccentColor;
				CODE_SIGN_STYLE = Automatic;
				CURRENT_PROJECT_VERSION = 1;
				GENERATE_INFOPLIST_FILE = YES;
				INFOPLIST_FILE = Prework/Info.plist;
				INFOPLIST_KEY_UIApplicationSupportsIndirectInputEvents = YES;
				INFOPLIST_KEY_UILaunchStoryboardName = LaunchScreen;
				INFOPLIST_KEY_UIMainStoryboardFile = Main;
				INFOPLIST_KEY_UISupportedInterfaceOrientations_iPad = "UIInterfaceOrientationPortrait UIInterfaceOrientationPortraitUpsideDown UIInterfaceOrientationLandscapeLeft UIInterfaceOrientationLandscapeRight";
				INFOPLIST_KEY_UISupportedInterfaceOrientations_iPhone = "UIInterfaceOrientationPortrait UIInterfaceOrientationLandscapeLeft UIInterfaceOrientationLandscapeRight";
				LD_RUNPATH_SEARCH_PATHS = (
					"$(inherited)",
					"@executable_path/Frameworks",
				);
				MARKETING_VERSION = 1.0;
				PRODUCT_BUNDLE_IDENTIFIER = "Osse-Laborde.Prework";
				PRODUCT_NAME = "$(TARGET_NAME)";
				SWIFT_EMIT_LOC_STRINGS = YES;
				SWIFT_VERSION = 5.0;
				TARGETED_DEVICE_FAMILY = "1,2";
			};
			name = Debug;
		};
		E7BA1ACF288640D2009F97C9 /* Release */ = {
			isa = XCBuildConfiguration;
			buildSettings = {
				ASSETCATALOG_COMPILER_APPICON_NAME = AppIcon;
				ASSETCATALOG_COMPILER_GLOBAL_ACCENT_COLOR_NAME = AccentColor;
				CODE_SIGN_STYLE = Automatic;
				CURRENT_PROJECT_VERSION = 1;
				GENERATE_INFOPLIST_FILE = YES;
				INFOPLIST_FILE = Prework/Info.plist;
				INFOPLIST_KEY_UIApplicationSupportsIndirectInputEvents = YES;
				INFOPLIST_KEY_UILaunchStoryboardName = LaunchScreen;
				INFOPLIST_KEY_UIMainStoryboardFile = Main;
				INFOPLIST_KEY_UISupportedInterfaceOrientations_iPad = "UIInterfaceOrientationPortrait UIInterfaceOrientationPortraitUpsideDown UIInterfaceOrientationLandscapeLeft UIInterfaceOrientationLandscapeRight";
				INFOPLIST_KEY_UISupportedInterfaceOrientations_iPhone = "UIInterfaceOrientationPortrait UIInterfaceOrientationLandscapeLeft UIInterfaceOrientationLandscapeRight";
				LD_RUNPATH_SEARCH_PATHS = (
					"$(inherited)",
					"@executable_path/Frameworks",
				);
				MARKETING_VERSION = 1.0;
				PRODUCT_BUNDLE_IDENTIFIER = "Osse-Laborde.Prework";
				PRODUCT_NAME = "$(TARGET_NAME)";
				SWIFT_EMIT_LOC_STRINGS = YES;
				SWIFT_VERSION = 5.0;
				TARGETED_DEVICE_FAMILY = "1,2";
			};
			name = Release;
		};
		E7BA1AD1288640D2009F97C9 /* Debug */ = {
			isa = XCBuildConfiguration;
			buildSettings = {
				ALWAYS_EMBED_SWIFT_STANDARD_LIBRARIES = YES;
				BUNDLE_LOADER = "$(TEST_HOST)";
				CODE_SIGN_STYLE = Automatic;
				CURRENT_PROJECT_VERSION = 1;
				GENERATE_INFOPLIST_FILE = YES;
				IPHONEOS_DEPLOYMENT_TARGET = 15.5;
				MARKETING_VERSION = 1.0;
				PRODUCT_BUNDLE_IDENTIFIER = "Osse-Laborde.PreworkTests";
				PRODUCT_NAME = "$(TARGET_NAME)";
				SWIFT_EMIT_LOC_STRINGS = NO;
				SWIFT_VERSION = 5.0;
				TARGETED_DEVICE_FAMILY = "1,2";
				TEST_HOST = "$(BUILT_PRODUCTS_DIR)/Prework.app/Prework";
			};
			name = Debug;
		};
		E7BA1AD2288640D2009F97C9 /* Release */ = {
			isa = XCBuildConfiguration;
			buildSettings = {
				ALWAYS_EMBED_SWIFT_STANDARD_LIBRARIES = YES;
				BUNDLE_LOADER = "$(TEST_HOST)";
				CODE_SIGN_STYLE = Automatic;
				CURRENT_PROJECT_VERSION = 1;
				GENERATE_INFOPLIST_FILE = YES;
				IPHONEOS_DEPLOYMENT_TARGET = 15.5;
				MARKETING_VERSION = 1.0;
				PRODUCT_BUNDLE_IDENTIFIER = "Osse-Laborde.PreworkTests";
				PRODUCT_NAME = "$(TARGET_NAME)";
				SWIFT_EMIT_LOC_STRINGS = NO;
				SWIFT_VERSION = 5.0;
				TARGETED_DEVICE_FAMILY = "1,2";
				TEST_HOST = "$(BUILT_PRODUCTS_DIR)/Prework.app/Prework";
			};
			name = Release;
		};
		E7BA1AD4288640D2009F97C9 /* Debug */ = {
			isa = XCBuildConfiguration;
			buildSettings = {
				ALWAYS_EMBED_SWIFT_STANDARD_LIBRARIES = YES;
				CODE_SIGN_STYLE = Automatic;
				CURRENT_PROJECT_VERSION = 1;
				GENERATE_INFOPLIST_FILE = YES;
				MARKETING_VERSION = 1.0;
				PRODUCT_BUNDLE_IDENTIFIER = "Osse-Laborde.PreworkUITests";
				PRODUCT_NAME = "$(TARGET_NAME)";
				SWIFT_EMIT_LOC_STRINGS = NO;
				SWIFT_VERSION = 5.0;
				TARGETED_DEVICE_FAMILY = "1,2";
				TEST_TARGET_NAME = Prework;
			};
			name = Debug;
		};
		E7BA1AD5288640D2009F97C9 /* Release */ = {
			isa = XCBuildConfiguration;
			buildSettings = {
				ALWAYS_EMBED_SWIFT_STANDARD_LIBRARIES = YES;
				CODE_SIGN_STYLE = Automatic;
				CURRENT_PROJECT_VERSION = 1;
				GENERATE_INFOPLIST_FILE = YES;
				MARKETING_VERSION = 1.0;
				PRODUCT_BUNDLE_IDENTIFIER = "Osse-Laborde.PreworkUITests";
				PRODUCT_NAME = "$(TARGET_NAME)";
				SWIFT_EMIT_LOC_STRINGS = NO;
				SWIFT_VERSION = 5.0;
				TARGETED_DEVICE_FAMILY = "1,2";
				TEST_TARGET_NAME = Prework;
			};
			name = Release;
		};
/* End XCBuildConfiguration section */

/* Begin XCConfigurationList section */
		E7BA1A9E288640CA009F97C9 /* Build configuration list for PBXProject "Prework" */ = {
			isa = XCConfigurationList;
			buildConfigurations = (
				E7BA1ACB288640D2009F97C9 /* Debug */,
				E7BA1ACC288640D2009F97C9 /* Release */,
			);
			defaultConfigurationIsVisible = 0;
			defaultConfigurationName = Release;
		};
		E7BA1ACD288640D2009F97C9 /* Build configuration list for PBXNativeTarget "Prework" */ = {
			isa = XCConfigurationList;
			buildConfigurations = (
				E7BA1ACE288640D2009F97C9 /* Debug */,
				E7BA1ACF288640D2009F97C9 /* Release */,
			);
			defaultConfigurationIsVisible = 0;
			defaultConfigurationName = Release;
		};
		E7BA1AD0288640D2009F97C9 /* Build configuration list for PBXNativeTarget "PreworkTests" */ = {
			isa = XCConfigurationList;
			buildConfigurations = (
				E7BA1AD1288640D2009F97C9 /* Debug */,
				E7BA1AD2288640D2009F97C9 /* Release */,
			);
			defaultConfigurationIsVisible = 0;
			defaultConfigurationName = Release;
		};
		E7BA1AD3288640D2009F97C9 /* Build configuration list for PBXNativeTarget "PreworkUITests" */ = {
			isa = XCConfigurationList;
			buildConfigurations = (
				E7BA1AD4288640D2009F97C9 /* Debug */,
				E7BA1AD5288640D2009F97C9 /* Release */,
			);
			defaultConfigurationIsVisible = 0;
			defaultConfigurationName = Release;
		};
/* End XCConfigurationList section */
	};
	rootObject = E7BA1A9B288640CA009F97C9 /* Project object */;
}
